
Microsoft Visual Studio Solution File, Format Version 12.00
# Visual Studio Version 17
VisualStudioVersion = 17.9.34723.18
MinimumVisualStudioVersion = 10.0.40219.1
Project("{2150E333-8FDC-42A3-9474-1A3956D46DE8}") = "Tools", "Tools", "{858C6D80-43F9-4AF3-B96B-43EA3F90BC5B}"
EndProject
Project("{FAE04EC0-301F-11D3-BF4B-00C04F79EFBC}") = "HisabPro.Tools.Execute", "HisabPro.Tools.Execute\HisabPro.Tools.Execute.csproj", "{28D5AEE0-B185-49AD-B59D-11C6111115B9}"
EndProject
Project("{FAE04EC0-301F-11D3-BF4B-00C04F79EFBC}") = "HisabPro.Tools.CryptoService", "HisabPro.CryptoService\HisabPro.Tools.CryptoService.csproj", "{A8EC1421-3BF9-48CF-B910-18E53E449862}"
EndProject
Project("{FAE04EC0-301F-11D3-BF4B-00C04F79EFBC}") = "HisabPro.Tools.PasswordService", "HisabPro.Tools.PasswordService\HisabPro.Tools.PasswordService.csproj", "{3879421F-F959-414E-BEE6-9DFDEF2E49F4}"
EndProject
Project("{9A19103F-16F7-4668-BE54-9A1E7A4F7556}") = "HisabPro.Constants", "HisabPro.Constants\HisabPro.Constants.csproj", "{2EFAE40A-322D-474B-9DE8-824697E613B7}"
EndProject
Project("{9A19103F-16F7-4668-BE54-9A1E7A4F7556}") = "HisabPro.Entities", "HisabPro.Entities\HisabPro.Entities.csproj", "{2031D0F2-0FD0-46BD-88A5-C4CB6EB3969C}"
EndProject
Project("{9A19103F-16F7-4668-BE54-9A1E7A4F7556}") = "HisabPro.Common", "HisabPro.Common\HisabPro.Common.csproj", "{205BDD4C-4A67-4AC5-8CF1-1625A5BB43F5}"
EndProject
Project("{9A19103F-16F7-4668-BE54-9A1E7A4F7556}") = "HisabPro.Web", "HisabPro.Web\HisabPro.Web.csproj", "{58810681-224F-47B2-9E87-3DFCB57731F7}"
EndProject
Global
	GlobalSection(SolutionConfigurationPlatforms) = preSolution
		Debug|Any CPU = Debug|Any CPU
		Debug|x64 = Debug|x64
		Debug|x86 = Debug|x86
		Release|Any CPU = Release|Any CPU
		Release|x64 = Release|x64
		Release|x86 = Release|x86
	EndGlobalSection
	GlobalSection(ProjectConfigurationPlatforms) = postSolution
		{28D5AEE0-B185-49AD-B59D-11C6111115B9}.Debug|Any CPU.ActiveCfg = Debug|Any CPU
		{28D5AEE0-B185-49AD-B59D-11C6111115B9}.Debug|Any CPU.Build.0 = Debug|Any CPU
		{28D5AEE0-B185-49AD-B59D-11C6111115B9}.Debug|x64.ActiveCfg = Debug|Any CPU
		{28D5AEE0-B185-49AD-B59D-11C6111115B9}.Debug|x64.Build.0 = Debug|Any CPU
		{28D5AEE0-B185-49AD-B59D-11C6111115B9}.Debug|x86.ActiveCfg = Debug|Any CPU
		{28D5AEE0-B185-49AD-B59D-11C6111115B9}.Debug|x86.Build.0 = Debug|Any CPU
		{28D5AEE0-B185-49AD-B59D-11C6111115B9}.Release|Any CPU.ActiveCfg = Release|Any CPU
		{28D5AEE0-B185-49AD-B59D-11C6111115B9}.Release|Any CPU.Build.0 = Release|Any CPU
		{28D5AEE0-B185-49AD-B59D-11C6111115B9}.Release|x64.ActiveCfg = Release|Any CPU
		{28D5AEE0-B185-49AD-B59D-11C6111115B9}.Release|x64.Build.0 = Release|Any CPU
		{28D5AEE0-B185-49AD-B59D-11C6111115B9}.Release|x86.ActiveCfg = Release|Any CPU
		{28D5AEE0-B185-49AD-B59D-11C6111115B9}.Release|x86.Build.0 = Release|Any CPU
		{A8EC1421-3BF9-48CF-B910-18E53E449862}.Debug|Any CPU.ActiveCfg = Debug|Any CPU
		{A8EC1421-3BF9-48CF-B910-18E53E449862}.Debug|Any CPU.Build.0 = Debug|Any CPU
		{A8EC1421-3BF9-48CF-B910-18E53E449862}.Debug|x64.ActiveCfg = Debug|Any CPU
		{A8EC1421-3BF9-48CF-B910-18E53E449862}.Debug|x64.Build.0 = Debug|Any CPU
		{A8EC1421-3BF9-48CF-B910-18E53E449862}.Debug|x86.ActiveCfg = Debug|Any CPU
		{A8EC1421-3BF9-48CF-B910-18E53E449862}.Debug|x86.Build.0 = Debug|Any CPU
		{A8EC1421-3BF9-48CF-B910-18E53E449862}.Release|Any CPU.ActiveCfg = Release|Any CPU
		{A8EC1421-3BF9-48CF-B910-18E53E449862}.Release|Any CPU.Build.0 = Release|Any CPU
		{A8EC1421-3BF9-48CF-B910-18E53E449862}.Release|x64.ActiveCfg = Release|Any CPU
		{A8EC1421-3BF9-48CF-B910-18E53E449862}.Release|x64.Build.0 = Release|Any CPU
		{A8EC1421-3BF9-48CF-B910-18E53E449862}.Release|x86.ActiveCfg = Release|Any CPU
		{A8EC1421-3BF9-48CF-B910-18E53E449862}.Release|x86.Build.0 = Release|Any CPU
		{3879421F-F959-414E-BEE6-9DFDEF2E49F4}.Debug|Any CPU.ActiveCfg = Debug|Any CPU
		{3879421F-F959-414E-BEE6-9DFDEF2E49F4}.Debug|Any CPU.Build.0 = Debug|Any CPU
		{3879421F-F959-414E-BEE6-9DFDEF2E49F4}.Debug|x64.ActiveCfg = Debug|Any CPU
		{3879421F-F959-414E-BEE6-9DFDEF2E49F4}.Debug|x64.Build.0 = Debug|Any CPU
		{3879421F-F959-414E-BEE6-9DFDEF2E49F4}.Debug|x86.ActiveCfg = Debug|Any CPU
		{3879421F-F959-414E-BEE6-9DFDEF2E49F4}.Debug|x86.Build.0 = Debug|Any CPU
		{3879421F-F959-414E-BEE6-9DFDEF2E49F4}.Release|Any CPU.ActiveCfg = Release|Any CPU
		{3879421F-F959-414E-BEE6-9DFDEF2E49F4}.Release|Any CPU.Build.0 = Release|Any CPU
		{3879421F-F959-414E-BEE6-9DFDEF2E49F4}.Release|x64.ActiveCfg = Release|Any CPU
		{3879421F-F959-414E-BEE6-9DFDEF2E49F4}.Release|x64.Build.0 = Release|Any CPU
		{3879421F-F959-414E-BEE6-9DFDEF2E49F4}.Release|x86.ActiveCfg = Release|Any CPU
		{3879421F-F959-414E-BEE6-9DFDEF2E49F4}.Release|x86.Build.0 = Release|Any CPU
		{2EFAE40A-322D-474B-9DE8-824697E613B7}.Debug|Any CPU.ActiveCfg = Debug|Any CPU
		{2EFAE40A-322D-474B-9DE8-824697E613B7}.Debug|Any CPU.Build.0 = Debug|Any CPU
		{2EFAE40A-322D-474B-9DE8-824697E613B7}.Debug|x64.ActiveCfg = Debug|Any CPU
		{2EFAE40A-322D-474B-9DE8-824697E613B7}.Debug|x64.Build.0 = Debug|Any CPU
		{2EFAE40A-322D-474B-9DE8-824697E613B7}.Debug|x86.ActiveCfg = Debug|Any CPU
		{2EFAE40A-322D-474B-9DE8-824697E613B7}.Debug|x86.Build.0 = Debug|Any CPU
		{2EFAE40A-322D-474B-9DE8-824697E613B7}.Release|Any CPU.ActiveCfg = Release|Any CPU
		{2EFAE40A-322D-474B-9DE8-824697E613B7}.Release|Any CPU.Build.0 = Release|Any CPU
		{2EFAE40A-322D-474B-9DE8-824697E613B7}.Release|x64.ActiveCfg = Release|Any CPU
		{2EFAE40A-322D-474B-9DE8-824697E613B7}.Release|x64.Build.0 = Release|Any CPU
		{2EFAE40A-322D-474B-9DE8-824697E613B7}.Release|x86.ActiveCfg = Release|Any CPU
		{2EFAE40A-322D-474B-9DE8-824697E613B7}.Release|x86.Build.0 = Release|Any CPU
		{2031D0F2-0FD0-46BD-88A5-C4CB6EB3969C}.Debug|Any CPU.ActiveCfg = Debug|Any CPU
		{2031D0F2-0FD0-46BD-88A5-C4CB6EB3969C}.Debug|Any CPU.Build.0 = Debug|Any CPU
		{2031D0F2-0FD0-46BD-88A5-C4CB6EB3969C}.Debug|x64.ActiveCfg = Debug|Any CPU
		{2031D0F2-0FD0-46BD-88A5-C4CB6EB3969C}.Debug|x64.Build.0 = Debug|Any CPU
		{2031D0F2-0FD0-46BD-88A5-C4CB6EB3969C}.Debug|x86.ActiveCfg = Debug|Any CPU
		{2031D0F2-0FD0-46BD-88A5-C4CB6EB3969C}.Debug|x86.Build.0 = Debug|Any CPU
		{2031D0F2-0FD0-46BD-88A5-C4CB6EB3969C}.Release|Any CPU.ActiveCfg = Release|Any CPU
		{2031D0F2-0FD0-46BD-88A5-C4CB6EB3969C}.Release|Any CPU.Build.0 = Release|Any CPU
		{2031D0F2-0FD0-46BD-88A5-C4CB6EB3969C}.Release|x64.ActiveCfg = Release|Any CPU
		{2031D0F2-0FD0-46BD-88A5-C4CB6EB3969C}.Release|x64.Build.0 = Release|Any CPU
		{2031D0F2-0FD0-46BD-88A5-C4CB6EB3969C}.Release|x86.ActiveCfg = Release|Any CPU
		{2031D0F2-0FD0-46BD-88A5-C4CB6EB3969C}.Release|x86.Build.0 = Release|Any CPU
		{205BDD4C-4A67-4AC5-8CF1-1625A5BB43F5}.Debug|Any CPU.ActiveCfg = Debug|Any CPU
		{205BDD4C-4A67-4AC5-8CF1-1625A5BB43F5}.Debug|Any CPU.Build.0 = Debug|Any CPU
		{205BDD4C-4A67-4AC5-8CF1-1625A5BB43F5}.Debug|x64.ActiveCfg = Debug|Any CPU
		{205BDD4C-4A67-4AC5-8CF1-1625A5BB43F5}.Debug|x64.Build.0 = Debug|Any CPU
		{205BDD4C-4A67-4AC5-8CF1-1625A5BB43F5}.Debug|x86.ActiveCfg = Debug|Any CPU
		{205BDD4C-4A67-4AC5-8CF1-1625A5BB43F5}.Debug|x86.Build.0 = Debug|Any CPU
		{205BDD4C-4A67-4AC5-8CF1-1625A5BB43F5}.Release|Any CPU.ActiveCfg = Release|Any CPU
		{205BDD4C-4A67-4AC5-8CF1-1625A5BB43F5}.Release|Any CPU.Build.0 = Release|Any CPU
		{205BDD4C-4A67-4AC5-8CF1-1625A5BB43F5}.Release|x64.ActiveCfg = Release|Any CPU
		{205BDD4C-4A67-4AC5-8CF1-1625A5BB43F5}.Release|x64.Build.0 = Release|Any CPU
		{205BDD4C-4A67-4AC5-8CF1-1625A5BB43F5}.Release|x86.ActiveCfg = Release|Any CPU
		{205BDD4C-4A67-4AC5-8CF1-1625A5BB43F5}.Release|x86.Build.0 = Release|Any CPU
		{58810681-224F-47B2-9E87-3DFCB57731F7}.Debug|Any CPU.ActiveCfg = Debug|Any CPU
		{58810681-224F-47B2-9E87-3DFCB57731F7}.Debug|Any CPU.Build.0 = Debug|Any CPU
		{58810681-224F-47B2-9E87-3DFCB57731F7}.Debug|x64.ActiveCfg = Debug|Any CPU
		{58810681-224F-47B2-9E87-3DFCB57731F7}.Debug|x64.Build.0 = Debug|Any CPU
		{58810681-224F-47B2-9E87-3DFCB57731F7}.Debug|x86.ActiveCfg = Debug|Any CPU
		{58810681-224F-47B2-9E87-3DFCB57731F7}.Debug|x86.Build.0 = Debug|Any CPU
		{58810681-224F-47B2-9E87-3DFCB57731F7}.Release|Any CPU.ActiveCfg = Release|Any CPU
		{58810681-224F-47B2-9E87-3DFCB57731F7}.Release|Any CPU.Build.0 = Release|Any CPU
		{58810681-224F-47B2-9E87-3DFCB57731F7}.Release|x64.ActiveCfg = Release|Any CPU
		{58810681-224F-47B2-9E87-3DFCB57731F7}.Release|x64.Build.0 = Release|Any CPU
		{58810681-224F-47B2-9E87-3DFCB57731F7}.Release|x86.ActiveCfg = Release|Any CPU
		{58810681-224F-47B2-9E87-3DFCB57731F7}.Release|x86.Build.0 = Release|Any CPU
	EndGlobalSection
	GlobalSection(SolutionProperties) = preSolution
		HideSolutionNode = FALSE
	EndGlobalSection
	GlobalSection(NestedProjects) = preSolution
		{28D5AEE0-B185-49AD-B59D-11C6111115B9} = {858C6D80-43F9-4AF3-B96B-43EA3F90BC5B}
		{A8EC1421-3BF9-48CF-B910-18E53E449862} = {858C6D80-43F9-4AF3-B96B-43EA3F90BC5B}
		{3879421F-F959-414E-BEE6-9DFDEF2E49F4} = {858C6D80-43F9-4AF3-B96B-43EA3F90BC5B}
	EndGlobalSection
	GlobalSection(ExtensibilityGlobals) = postSolution
		SolutionGuid = {1BED9EA8-7D92-4A46-A0BE-0F5848F65163}
	EndGlobalSection
EndGlobal
